<?xml version="1.0" encoding="utf-8"?>
<Project ToolsVersion="4.0" xmlns="http://schemas.microsoft.com/developer/msbuild/2003">
  <ItemGroup>
    <Filter Include="Source Files">
      <UniqueIdentifier>{4FC737F1-C7A5-4376-A066-2A32D752A2FF}</UniqueIdentifier>
      <Extensions>cpp;c;cc;cxx;c++;cppm;ixx;def;odl;idl;hpj;bat;asm;asmx</Extensions>
    </Filter>
    <Filter Include="Header Files">
      <UniqueIdentifier>{93995380-89BD-4b04-88EB-625FBE52EBFB}</UniqueIdentifier>
      <Extensions>h;hh;hpp;hxx;h++;hm;inl;inc;ipp;xsd</Extensions>
    </Filter>
    <Filter Include="Resource Files">
      <UniqueIdentifier>{67DA6AB6-F800-4c08-8B7A-83BB121AAD01}</UniqueIdentifier>
      <Extensions>rc;ico;cur;bmp;dlg;rc2;rct;bin;rgs;gif;jpg;jpeg;jpe;resx;tiff;tif;png;wav;mfcribbon-ms</Extensions>
    </Filter>
    <Filter Include="Handler Files">
      <UniqueIdentifier>{1856f0c4-85b5-4859-a141-b864ca29dd47}</UniqueIdentifier>
    </Filter>
    <Filter Include="Action Files">
      <UniqueIdentifier>{c86baef5-a6ed-400e-a97d-cbc8618d39ee}</UniqueIdentifier>
    </Filter>
    <Filter Include="Dialog Files">
      <UniqueIdentifier>{2c33431b-c9e4-4bbb-a27b-5ff32eff32e9}</UniqueIdentifier>
    </Filter>
    <Filter Include="Server">
      <UniqueIdentifier>{0ec9b50e-b3f4-4315-9a43-afbad66d5534}</UniqueIdentifier>
    </Filter>
    <Filter Include="Commands">
      <UniqueIdentifier>{1735b646-9ca0-4ba4-b4c4-72a497567c53}</UniqueIdentifier>
    </Filter>
    <Filter Include="NewFilter1">
      <UniqueIdentifier>{1e2b256c-da13-4bb1-b818-5f10b1d24ff8}</UniqueIdentifier>
    </Filter>
  </ItemGroup>
  <ItemGroup>
    <ClCompile Include="NopySource.cpp">
      <Filter>Source Files</Filter>
    </ClCompile>
  </ItemGroup>
  <ItemGroup>
    <ClInclude Include="enet\include\callbacks.h">
      <Filter>Header Files</Filter>
    </ClInclude>
    <ClInclude Include="enet\include\enet.h">
      <Filter>Header Files</Filter>
    </ClInclude>
    <ClInclude Include="enet\include\list.h">
      <Filter>Header Files</Filter>
    </ClInclude>
    <ClInclude Include="enet\include\protocol.h">
      <Filter>Header Files</Filter>
    </ClInclude>
    <ClInclude Include="enet\include\time.h">
      <Filter>Header Files</Filter>
    </ClInclude>
    <ClInclude Include="enet\include\types.h">
      <Filter>Header Files</Filter>
    </ClInclude>
    <ClInclude Include="enet\include\unix.h">
      <Filter>Header Files</Filter>
    </ClInclude>
    <ClInclude Include="enet\include\utility.h">
      <Filter>Header Files</Filter>
    </ClInclude>
    <ClInclude Include="enet\include\win32.h">
      <Filter>Header Files</Filter>
    </ClInclude>
    <ClInclude Include="skStr.h">
      <Filter>Header Files</Filter>
    </ClInclude>
    <ClInclude Include="GrowTavern\Handle\BaseServer.h">
      <Filter>Handler Files</Filter>
    </ClInclude>
    <ClInclude Include="GrowTavern\Handle\DialogReturn.h">
      <Filter>Handler Files</Filter>
    </ClInclude>
    <ClInclude Include="GrowTavern\Handle\GuildInfo.h">
      <Filter>Handler Files</Filter>
    </ClInclude>
    <ClInclude Include="GrowTavern\Handle\ItemDefination.h">
      <Filter>Handler Files</Filter>
    </ClInclude>
    <ClInclude Include="GrowTavern\Handle\License.h">
      <Filter>Handler Files</Filter>
    </ClInclude>
    <ClInclude Include="GrowTavern\Handle\LoginHandler.h">
      <Filter>Handler Files</Filter>
    </ClInclude>
    <ClInclude Include="GrowTavern\Handle\PacketHandler.h">
      <Filter>Handler Files</Filter>
    </ClInclude>
    <ClInclude Include="GrowTavern\Handle\PlayerInfo.h">
      <Filter>Handler Files</Filter>
    </ClInclude>
    <ClInclude Include="GrowTavern\Handle\WorldInfo.h">
      <Filter>Handler Files</Filter>
    </ClInclude>
    <ClInclude Include="GrowTavern\Action\Action.h">
      <Filter>Action Files</Filter>
    </ClInclude>
    <ClInclude Include="GrowTavern\Handle\DiscordBot.h">
      <Filter>Handler Files</Filter>
    </ClInclude>
    <ClInclude Include="GrowTavern\Dialog\dialog_return.h">
      <Filter>Dialog Files</Filter>
    </ClInclude>
    <ClInclude Include="GrowTavern\Server\server_pool.h">
      <Filter>Server</Filter>
    </ClInclude>
    <ClInclude Include="GrowTavern\Commands\Commands.h">
      <Filter>Commands</Filter>
    </ClInclude>
    <ClInclude Include="include\json\allocator.h">
      <Filter>Header Files</Filter>
    </ClInclude>
    <ClInclude Include="include\json\assertions.h">
      <Filter>Header Files</Filter>
    </ClInclude>
    <ClInclude Include="include\json\config.h">
      <Filter>Header Files</Filter>
    </ClInclude>
    <ClInclude Include="include\json\forwards.h">
      <Filter>Header Files</Filter>
    </ClInclude>
    <ClInclude Include="include\json\json.h">
      <Filter>Header Files</Filter>
    </ClInclude>
    <ClInclude Include="include\json\json_features.h">
      <Filter>Header Files</Filter>
    </ClInclude>
    <ClInclude Include="include\json\reader.h">
      <Filter>Header Files</Filter>
    </ClInclude>
    <ClInclude Include="include\json\value.h">
      <Filter>Header Files</Filter>
    </ClInclude>
    <ClInclude Include="include\json\version.h">
      <Filter>Header Files</Filter>
    </ClInclude>
    <ClInclude Include="include\json\writer.h">
      <Filter>Header Files</Filter>
    </ClInclude>
    <ClInclude Include="include\base64.hpp">
      <Filter>Header Files</Filter>
    </ClInclude>
    <ClInclude Include="include\httplib.h">
      <Filter>Header Files</Filter>
    </ClInclude>
    <ClInclude Include="include\HTTPRequest.hpp">
      <Filter>Header Files</Filter>
    </ClInclude>
    <ClInclude Include="include\lauxlib.h">
      <Filter>Header Files</Filter>
    </ClInclude>
    <ClInclude Include="include\lua.h">
      <Filter>Header Files</Filter>
    </ClInclude>
    <ClInclude Include="include\lua.hpp">
      <Filter>Header Files</Filter>
    </ClInclude>
    <ClInclude Include="include\luaconf.h">
      <Filter>Header Files</Filter>
    </ClInclude>
    <ClInclude Include="include\lualib.h">
      <Filter>Header Files</Filter>
    </ClInclude>
    <ClInclude Include="include\read_item_packet_data.h">
      <Filter>Header Files</Filter>
    </ClInclude>
    <ClInclude Include="include\zconf.h">
      <Filter>Header Files</Filter>
    </ClInclude>
    <ClInclude Include="include\zlib.h">
      <Filter>Header Files</Filter>
    </ClInclude>
    <ClInclude Include="NopySource\Action\Action.h">
      <Filter>Header Files</Filter>
    </ClInclude>
  </ItemGroup>
  <ItemGroup>
    <ResourceCompile Include="Resource.rc">
      <Filter>Resource Files</Filter>
    </ResourceCompile>
  </ItemGroup>
  <ItemGroup>
    <Image Include="icons.ico">
      <Filter>Resource Files</Filter>
    </Image>
  </ItemGroup>
  <ItemGroup>
    <None Include="include\libcurl.dll" />
    <None Include="include\libcurl-arm64.dll" />
  </ItemGroup>
</Project>